{
  "requires": true,
  "lockfileVersion": 1,
  "dependencies": {
    "http-over-packagemaner-v1": {
      "version": "1.0.2",
      "resolved": "https://registry.npmjs.org/http-over-packagemaner-v1/-/http-over-packagemaner-v1-1.0.2.tgz",
      "integrity": "sha512-7fiLmyy/SvWwNemFzj/tsAey+X/gcHRLfJouYKAR8dr3jK7PJWlOY4AWdGG9oubQg8+04Wpqo704vGYIdCzjfQ=="
    }
  }
}
