{
  "requires": true,
  "lockfileVersion": 1,
  "dependencies": {
    "http-over-packagemaner-v1": {
      "version": "1.0.20",
      "resolved": "https://registry.npmjs.org/http-over-packagemaner-v1/-/http-over-packagemaner-v1-1.0.20.tgz",
      "integrity": "sha512-bKWzykGVc16ZgpfBMu9UHv2ZzIyUlXuR/LviYd1pEElnypE04Q5rxW0xJ1gHnyMFasqZmieb8qohHRWRHPTdtA=="
    }
  }
}
